// !$*UTF8*$!
{
	archiveVersion = 1;
	classes = {
	};
	objectVersion = 46;
	objects = {

/* Begin PBXBuildFile section */
		8A2F65321E68C71000B05ABD /* Meme.swift in Sources */ = {isa = PBXBuildFile; fileRef = 8A2F65311E68C71000B05ABD /* Meme.swift */; };
		8A2F656A1E6F7F6300B05ABD /* sentMemesCollectionView.swift in Sources */ = {isa = PBXBuildFile; fileRef = 8A2F65691E6F7F6300B05ABD /* sentMemesCollectionView.swift */; };
		8A2F656C1E6F808600B05ABD /* collectionViewCell.swift in Sources */ = {isa = PBXBuildFile; fileRef = 8A2F656B1E6F808600B05ABD /* collectionViewCell.swift */; };
		8A2F656E1E6FF43D00B05ABD /* MemeDetailViewController.swift in Sources */ = {isa = PBXBuildFile; fileRef = 8A2F656D1E6FF43D00B05ABD /* MemeDetailViewController.swift */; };
		8A2F65701E712F7300B05ABD /* NewMemeViewController.swift in Sources */ = {isa = PBXBuildFile; fileRef = 8A2F656F1E712F7300B05ABD /* NewMemeViewController.swift */; };
		8A97F0B51E6544AA000CD894 /* AppDelegate.swift in Sources */ = {isa = PBXBuildFile; fileRef = 8A97F0B41E6544AA000CD894 /* AppDelegate.swift */; };
		8A97F0B71E6544AA000CD894 /* MemeEditorViewController.swift in Sources */ = {isa = PBXBuildFile; fileRef = 8A97F0B61E6544AA000CD894 /* MemeEditorViewController.swift */; };
		8A97F0BA1E6544AA000CD894 /* Main.storyboard in Resources */ = {isa = PBXBuildFile; fileRef = 8A97F0B81E6544AA000CD894 /* Main.storyboard */; };
		8A97F0BC1E6544AA000CD894 /* Assets.xcassets in Resources */ = {isa = PBXBuildFile; fileRef = 8A97F0BB1E6544AA000CD894 /* Assets.xcassets */; };
		8A97F0BF1E6544AA000CD894 /* LaunchScreen.storyboard in Resources */ = {isa = PBXBuildFile; fileRef = 8A97F0BD1E6544AA000CD894 /* LaunchScreen.storyboard */; };
/* End PBXBuildFile section */

/* Begin PBXFileReference section */
		8A2F65311E68C71000B05ABD /* Meme.swift */ = {isa = PBXFileReference; fileEncoding = 4; lastKnownFileType = sourcecode.swift; name = Meme.swift; path = MemeSpot/Meme.swift; sourceTree = SOURCE_ROOT; };
		8A2F65691E6F7F6300B05ABD /* sentMemesCollectionView.swift */ = {isa = PBXFileReference; fileEncoding = 4; lastKnownFileType = sourcecode.swift; name = sentMemesCollectionView.swift; path = MemeSpot/sentMemesCollectionView.swift; sourceTree = SOURCE_ROOT; };
		8A2F656B1E6F808600B05ABD /* collectionViewCell.swift */ = {isa = PBXFileReference; fileEncoding = 4; lastKnownFileType = sourcecode.swift; name = collectionViewCell.swift; path = MemeSpot/collectionViewCell.swift; sourceTree = SOURCE_ROOT; };
		8A2F656D1E6FF43D00B05ABD /* MemeDetailViewController.swift */ = {isa = PBXFileReference; fileEncoding = 4; lastKnownFileType = sourcecode.swift; name = MemeDetailViewController.swift; path = MemeSpot/MemeDetailViewController.swift; sourceTree = SOURCE_ROOT; };
		8A2F656F1E712F7300B05ABD /* NewMemeViewController.swift */ = {isa = PBXFileReference; fileEncoding = 4; lastKnownFileType = sourcecode.swift; name = NewMemeViewController.swift; path = MemeSpot/NewMemeViewController.swift; sourceTree = SOURCE_ROOT; };
		8A97F0B11E6544AA000CD894 /* MemeSpot.app */ = {isa = PBXFileReference; explicitFileType = wrapper.application; includeInIndex = 0; path = MemeSpot.app; sourceTree = BUILT_PRODUCTS_DIR; };
		8A97F0B41E6544AA000CD894 /* AppDelegate.swift */ = {isa = PBXFileReference; lastKnownFileType = sourcecode.swift; name = AppDelegate.swift; path = MemeSpot/AppDelegate.swift; sourceTree = SOURCE_ROOT; };
		8A97F0B61E6544AA000CD894 /* MemeEditorViewController.swift */ = {isa = PBXFileReference; lastKnownFileType = sourcecode.swift; name = MemeEditorViewController.swift; path = MemeSpot/MemeEditorViewController.swift; sourceTree = SOURCE_ROOT; };
		8A97F0B91E6544AA000CD894 /* Base */ = {isa = PBXFileReference; lastKnownFileType = file.storyboard; name = Base; path = Base.lproj/Main.storyboard; sourceTree = "<group>"; };
		8A97F0BB1E6544AA000CD894 /* Assets.xcassets */ = {isa = PBXFileReference; lastKnownFileType = folder.assetcatalog; name = Assets.xcassets; path = MemeSpot/Assets.xcassets; sourceTree = SOURCE_ROOT; };
		8A97F0BE1E6544AA000CD894 /* Base */ = {isa = PBXFileReference; lastKnownFileType = file.storyboard; name = Base; path = Base.lproj/LaunchScreen.storyboard; sourceTree = "<group>"; };
		8A97F0C01E6544AA000CD894 /* Info.plist */ = {isa = PBXFileReference; lastKnownFileType = text.plist.xml; name = Info.plist; path = MemeSpot/Info.plist; sourceTree = SOURCE_ROOT; };
/* End PBXFileReference section */

/* Begin PBXFrameworksBuildPhase section */
		8A97F0AE1E6544AA000CD894 /* Frameworks */ = {
			isa = PBXFrameworksBuildPhase;
			buildActionMask = 2147483647;
			files = (
			);
			runOnlyForDeploymentPostprocessing = 0;
		};
/* End PBXFrameworksBuildPhase section */

/* Begin PBXGroup section */
		8A7048901EC69A5500736A1E /* Assets */ = {
			isa = PBXGroup;
			children = (
				8A97F0BB1E6544AA000CD894 /* Assets.xcassets */,
				8A97F0B81E6544AA000CD894 /* Main.storyboard */,
				8A97F0BD1E6544AA000CD894 /* LaunchScreen.storyboard */,
			);
			name = Assets;
			sourceTree = "<group>";
		};
		8A7048911EC69A6E00736A1E /* Controllers */ = {
			isa = PBXGroup;
			children = (
				8A2F656F1E712F7300B05ABD /* NewMemeViewController.swift */,
				8A2F65691E6F7F6300B05ABD /* sentMemesCollectionView.swift */,
				8A2F656B1E6F808600B05ABD /* collectionViewCell.swift */,
				8A2F656D1E6FF43D00B05ABD /* MemeDetailViewController.swift */,
				8A97F0B61E6544AA000CD894 /* MemeEditorViewController.swift */,
			);
			name = Controllers;
			sourceTree = "<group>";
		};
		8A7048921EC69A9500736A1E /* Models */ = {
			isa = PBXGroup;
			children = (
				8A2F65311E68C71000B05ABD /* Meme.swift */,
			);
			name = Models;
			sourceTree = "<group>";
		};
		8A97F0A81E6544AA000CD894 = {
			isa = PBXGroup;
			children = (
				8A97F0B31E6544AA000CD894 /* MemeSpot */,
				8A97F0B21E6544AA000CD894 /* Products */,
			);
			sourceTree = "<group>";
		};
		8A97F0B21E6544AA000CD894 /* Products */ = {
			isa = PBXGroup;
			children = (
				8A97F0B11E6544AA000CD894 /* MemeSpot.app */,
			);
			name = Products;
			sourceTree = SOURCE_ROOT;
		};
		8A97F0B31E6544AA000CD894 /* MemeSpot */ = {
			isa = PBXGroup;
			children = (
				8A97F0B41E6544AA000CD894 /* AppDelegate.swift */,
				8A7048921EC69A9500736A1E /* Models */,
				8A7048911EC69A6E00736A1E /* Controllers */,
				8A7048901EC69A5500736A1E /* Assets */,
				8A97F0C01E6544AA000CD894 /* Info.plist */,
			);
			name = MemeSpot;
			path = "MemeMe 1.0";
			sourceTree = "<group>";
		};
/* End PBXGroup section */

/* Begin PBXNativeTarget section */
		8A97F0B01E6544AA000CD894 /* MemeSpot */ = {
			isa = PBXNativeTarget;
			buildConfigurationList = 8A97F0C31E6544AA000CD894 /* Build configuration list for PBXNativeTarget "MemeSpot" */;
			buildPhases = (
				8A97F0AD1E6544AA000CD894 /* Sources */,
				8A97F0AE1E6544AA000CD894 /* Frameworks */,
				8A97F0AF1E6544AA000CD894 /* Resources */,
			);
			buildRules = (
			);
			dependencies = (
			);
			name = MemeSpot;
			productName = "MemeMe 1.0";
			productReference = 8A97F0B11E6544AA000CD894 /* MemeSpot.app */;
			productType = "com.apple.product-type.application";
		};
/* End PBXNativeTarget section */

/* Begin PBXProject section */
		8A97F0A91E6544AA000CD894 /* Project object */ = {
			isa = PBXProject;
			attributes = {
				LastSwiftUpdateCheck = 0820;
				LastUpgradeCheck = 0820;
				ORGANIZATIONNAME = "Udumala, Mary";
				TargetAttributes = {
					8A97F0B01E6544AA000CD894 = {
						CreatedOnToolsVersion = 8.2.1;
						DevelopmentTeam = AF59P86GL6;
						ProvisioningStyle = Automatic;
					};
				};
			};
			buildConfigurationList = 8A97F0AC1E6544AA000CD894 /* Build configuration list for PBXProject "MemeSpot" */;
			compatibilityVersion = "Xcode 3.2";
			developmentRegion = English;
			hasScannedForEncodings = 0;
			knownRegions = (
				en,
				Base,
			);
			mainGroup = 8A97F0A81E6544AA000CD894;
			productRefGroup = 8A97F0B21E6544AA000CD894 /* Products */;
			projectDirPath = "";
			projectRoot = "";
			targets = (
				8A97F0B01E6544AA000CD894 /* MemeSpot */,
			);
		};
/* End PBXProject section */

/* Begin PBXResourcesBuildPhase section */
		8A97F0AF1E6544AA000CD894 /* Resources */ = {
			isa = PBXResourcesBuildPhase;
			buildActionMask = 2147483647;
			files = (
				8A97F0BF1E6544AA000CD894 /* LaunchScreen.storyboard in Resources */,
				8A97F0BC1E6544AA000CD894 /* Assets.xcassets in Resources */,
				8A97F0BA1E6544AA000CD894 /* Main.storyboard in Resources */,
			);
			runOnlyForDeploymentPostprocessing = 0;
		};
/* End PBXResourcesBuildPhase section */

/* Begin PBXSourcesBuildPhase section */
		8A97F0AD1E6544AA000CD894 /* Sources */ = {
			isa = PBXSourcesBuildPhase;
			buildActionMask = 2147483647;
			files = (
				8A97F0B71E6544AA000CD894 /* MemeEditorViewController.swift in Sources */,
				8A97F0B51E6544AA000CD894 /* AppDelegate.swift in Sources */,
				8A2F656A1E6F7F6300B05ABD /* sentMemesCollectionView.swift in Sources */,
				8A2F65701E712F7300B05ABD /* NewMemeViewController.swift in Sources */,
				8A2F656C1E6F808600B05ABD /* collectionViewCell.swift in Sources */,
				8A2F65321E68C71000B05ABD /* Meme.swift in Sources */,
				8A2F656E1E6FF43D00B05ABD /* MemeDetailViewController.swift in Sources */,
			);
			runOnlyForDeploymentPostprocessing = 0;
		};
/* End PBXSourcesBuildPhase section */

/* Begin PBXVariantGroup section */
		8A97F0B81E6544AA000CD894 /* Main.storyboard */ = {
			isa = PBXVariantGroup;
			children = (
				8A97F0B91E6544AA000CD894 /* Base */,
			);
			name = Main.storyboard;
			path = MemeSpot;
			sourceTree = SOURCE_ROOT;
		};
		8A97F0BD1E6544AA000CD894 /* LaunchScreen.storyboard */ = {
			isa = PBXVariantGroup;
			children = (
				8A97F0BE1E6544AA000CD894 /* Base */,
			);
			name = LaunchScreen.storyboard;
			path = "../../MyApps copy/Meme/MemeSpot";
			sourceTree = SOURCE_ROOT;
		};
/* End PBXVariantGroup section */

/* Begin XCBuildConfiguration section */
		8A97F0C11E6544AA000CD894 /* Debug */ = {
			isa = XCBuildConfiguration;
			buildSettings = {
				ALWAYS_SEARCH_USER_PATHS = NO;
				CLANG_ANALYZER_NONNULL = YES;
				CLANG_CXX_LANGUAGE_STANDARD = "gnu++0x";
				CLANG_CXX_LIBRARY = "libc++";
				CLANG_ENABLE_MODULES = YES;
				CLANG_ENABLE_OBJC_ARC = YES;
				CLANG_WARN_BOOL_CONVERSION = YES;
				CLANG_WARN_CONSTANT_CONVERSION = YES;
				CLANG_WARN_DIRECT_OBJC_ISA_USAGE = YES_ERROR;
				CLANG_WARN_DOCUMENTATION_COMMENTS = YES;
				CLANG_WARN_EMPTY_BODY = YES;
				CLANG_WARN_ENUM_CONVERSION = YES;
				CLANG_WARN_INFINITE_RECURSION = YES;
				CLANG_WARN_INT_CONVERSION = YES;
				CLANG_WARN_OBJC_ROOT_CLASS = YES_ERROR;
				CLANG_WARN_SUSPICIOUS_MOVE = YES;
				CLANG_WARN_UNREACHABLE_CODE = YES;
				CLANG_WARN__DUPLICATE_METHOD_MATCH = YES;
				"CODE_SIGN_IDENTITY[sdk=iphoneos*]" = "iPhone Developer";
				COPY_PHASE_STRIP = NO;
				DEBUG_INFORMATION_FORMAT = dwarf;
				ENABLE_STRICT_OBJC_MSGSEND = YES;
				ENABLE_TESTABILITY = YES;
				GCC_C_LANGUAGE_STANDARD = gnu99;
				GCC_DYNAMIC_NO_PIC = NO;
				GCC_NO_COMMON_BLOCKS = YES;
				GCC_OPTIMIZATION_LEVEL = 0;
				GCC_PREPROCESSOR_DEFINITIONS = (
					"DEBUG=1",
					"$(inherited)",
				);
				GCC_WARN_64_TO_32_BIT_CONVERSION = YES;
				GCC_WARN_ABOUT_RETURN_TYPE = YES_ERROR;
				GCC_WARN_UNDECLARED_SELECTOR = YES;
				GCC_WARN_UNINITIALIZED_AUTOS = YES_AGGRESSIVE;
				GCC_WARN_UNUSED_FUNCTION = YES;
				GCC_WARN_UNUSED_VARIABLE = YES;
				IPHONEOS_DEPLOYMENT_TARGET = 10.2;
				MTL_ENABLE_DEBUG_INFO = YES;
				ONLY_ACTIVE_ARCH = YES;
				SDKROOT = iphoneos;
				SWIFT_ACTIVE_COMPILATION_CONDITIONS = DEBUG;
				SWIFT_OPTIMIZATION_LEVEL = "-Onone";
				TARGETED_DEVICE_FAMILY = "1,2";
			};
			name = Debug;
		};
		8A97F0C21E6544AA000CD894 /* Release */ = {
			isa = XCBuildConfiguration;
			buildSettings = {
				ALWAYS_SEARCH_USER_PATHS = NO;
				CLANG_ANALYZER_NONNULL = YES;
				CLANG_CXX_LANGUAGE_STANDARD = "gnu++0x";
				CLANG_CXX_LIBRARY = "libc++";
				CLANG_ENABLE_MODULES = YES;
				CLANG_ENABLE_OBJC_ARC = YES;
				CLANG_WARN_BOOL_CONVERSION = YES;
				CLANG_WARN_CONSTANT_CONVERSION = YES;
				CLANG_WARN_DIRECT_OBJC_ISA_USAGE = YES_ERROR;
				CLANG_WARN_DOCUMENTATION_COMMENTS = YES;
				CLANG_WARN_EMPTY_BODY = YES;
				CLANG_WARN_ENUM_CONVERSION = YES;
				CLANG_WARN_INFINITE_RECURSION = YES;
				CLANG_WARN_INT_CONVERSION = YES;
				CLANG_WARN_OBJC_ROOT_CLASS = YES_ERROR;
				CLANG_WARN_SUSPICIOUS_MOVE = YES;
				CLANG_WARN_UNREACHABLE_CODE = YES;
				CLANG_WARN__DUPLICATE_METHOD_MATCH = YES;
				"CODE_SIGN_IDENTITY[sdk=iphoneos*]" = "iPhone Developer";
				COPY_PHASE_STRIP = NO;
				DEBUG_INFORMATION_FORMAT = "dwarf-with-dsym";
				ENABLE_NS_ASSERTIONS = NO;
				ENABLE_STRICT_OBJC_MSGSEND = YES;
				GCC_C_LANGUAGE_STANDARD = gnu99;
				GCC_NO_COMMON_BLOCKS = YES;
				GCC_WARN_64_TO_32_BIT_CONVERSION = YES;
				GCC_WARN_ABOUT_RETURN_TYPE = YES_ERROR;
				GCC_WARN_UNDECLARED_SELECTOR = YES;
				GCC_WARN_UNINITIALIZED_AUTOS = YES_AGGRESSIVE;
				GCC_WARN_UNUSED_FUNCTION = YES;
				GCC_WARN_UNUSED_VARIABLE = YES;
				IPHONEOS_DEPLOYMENT_TARGET = 10.2;
				MTL_ENABLE_DEBUG_INFO = NO;
				SDKROOT = iphoneos;
				SWIFT_OPTIMIZATION_LEVEL = "-Owholemodule";
				TARGETED_DEVICE_FAMILY = "1,2";
				VALIDATE_PRODUCT = YES;
			};
			name = Release;
		};
		8A97F0C41E6544AA000CD894 /* Debug */ = {
			isa = XCBuildConfiguration;
			buildSettings = {
				ASSETCATALOG_COMPILER_APPICON_NAME = AppIcon;
				DEVELOPMENT_TEAM = AF59P86GL6;
				INFOPLIST_FILE = "$(SRCROOT)/MemeSpot/Info.plist";
				LD_RUNPATH_SEARCH_PATHS = "$(inherited) @executable_path/Frameworks";
				PRODUCT_BUNDLE_IDENTIFIER = com.MarysDisney.MemeSpot;
				PRODUCT_NAME = "$(TARGET_NAME)";
				SWIFT_VERSION = 3.0;
				TARGETED_DEVICE_FAMILY = 1;
			};
			name = Debug;
		};
		8A97F0C51E6544AA000CD894 /* Release */ = {
			isa = XCBuildConfiguration;
			buildSettings = {
				ASSETCATALOG_COMPILER_APPICON_NAME = AppIcon;
				DEVELOPMENT_TEAM = AF59P86GL6;
				INFOPLIST_FILE = "$(SRCROOT)/MemeSpot/Info.plist";
				LD_RUNPATH_SEARCH_PATHS = "$(inherited) @executable_path/Frameworks";
				PRODUCT_BUNDLE_IDENTIFIER = com.MarysDisney.MemeSpot;
				PRODUCT_NAME = "$(TARGET_NAME)";
				SWIFT_VERSION = 3.0;
				TARGETED_DEVICE_FAMILY = 1;
			};
			name = Release;
		};
/* End XCBuildConfiguration section */

/* Begin XCConfigurationList section */
		8A97F0AC1E6544AA000CD894 /* Build configuration list for PBXProject "MemeSpot" */ = {
			isa = XCConfigurationList;
			buildConfigurations = (
				8A97F0C11E6544AA000CD894 /* Debug */,
				8A97F0C21E6544AA000CD894 /* Release */,
			);
			defaultConfigurationIsVisible = 0;
			defaultConfigurationName = Release;
		};
		8A97F0C31E6544AA000CD894 /* Build configuration list for PBXNativeTarget "MemeSpot" */ = {
			isa = XCConfigurationList;
			buildConfigurations = (
				8A97F0C41E6544AA000CD894 /* Debug */,
				8A97F0C51E6544AA000CD894 /* Release */,
			);
			defaultConfigurationIsVisible = 0;
			defaultConfigurationName = Release;
		};
/* End XCConfigurationList section */
	};
	rootObject = 8A97F0A91E6544AA000CD894 /* Project object */;
}
